PODS:
  - DropDown (2.3.13)
  - ExpandableTableViewController (2.1)
  - RxCocoa (5.0.1):
    - RxRelay (~> 5)
    - RxSwift (~> 5)
  - RxGesture (3.0.1):
    - RxCocoa (~> 5.0)
    - RxSwift (~> 5.0)
  - RxRelay (5.0.1):
    - RxSwift (~> 5)
  - RxSwift (5.0.1)
  - SideMenuController (0.2.4)

DEPENDENCIES:
  - DropDown
  - ExpandableTableViewController (~> 2.1)
  - RxGesture
  - SideMenuController (~> 0.2)

SPEC REPOS:
  trunk:
    - DropDown
    - ExpandableTableViewController
    - RxCocoa
    - RxGesture
    - RxRelay
    - RxSwift
    - SideMenuController

SPEC CHECKSUMS:
  DropDown: 8a2116376c1981888557f72ec2ffc9a5e0e456ec
  ExpandableTableViewController: 7a97b8cf60f044b588255a01176cafa5ce2b7438
  RxCocoa: e741b9749968e8a143e2b787f1dfbff2b63d0a5c
  RxGesture: a3f8dd6adf078110ed5e1c9c30d09d705a09852e
  RxRelay: 89d54507f4fd4d969e6ec1d4bd7f3673640b4640
  RxSwift: e2dc62b366a3adf6a0be44ba9f405efd4c94e0c4
  SideMenuController: b463d2b3aa58e2afe57f57a07938fa9a647894ca

PODFILE CHECKSUM: c2d674070eab0872419bc6f2370f470f09649bda

COCOAPODS: 1.9.0
