PODS:
  - ExpandableTableViewController (2.1)
  - SideMenuController (0.2.4)

DEPENDENCIES:
  - ExpandableTableViewController (~> 2.1)
  - SideMenuController (~> 0.2)

SPEC REPOS:
  trunk:
    - ExpandableTableViewController
    - SideMenuController

SPEC CHECKSUMS:
  ExpandableTableViewController: 7a97b8cf60f044b588255a01176cafa5ce2b7438
  SideMenuController: b463d2b3aa58e2afe57f57a07938fa9a647894ca

PODFILE CHECKSUM: 31d8f0666e60d79b725483a9042542d3bfda105e

COCOAPODS: 1.9.0
